# This file is automatically @generated by Cargo.
# It is not intended for manual editing.
version = 4

[[package]]
name = "aead"
version = "0.6.1"
source = "registry+https://github.com/rust-lang/crates.io-index"
checksum = "1973cfbc1a2daf9cf550e74e1f088c28e7f7d8c1e1418fb6c9dc5184b7e84c99"
dependencies = [
 "crypto-common",
 "inout",
]

[[package]]
name = "aes"
version = "0.9.0"
source = "registry+https://github.com/rust-lang/crates.io-index"
checksum = "66bd29a732b644c0431c6140f370d097879203d79b80c94a6747ba0872adaef8"
dependencies = [
 "cipher",
 "cpubits",
 "cpufeatures",
 "zeroize",
]

[[package]]
name = "aes-gcm"
version = "0.11.0"
source = "registry+https://github.com/rust-lang/crates.io-index"
checksum = "fdf011db2e21ce0d575593d749db5554b47fed37aff429e4dc50bc91ac93a028"
dependencies = [
 "aead",
 "aes",
 "cipher",
 "ctr",
 "ghash",
 "subtle",
 "zeroize",
]

[[package]]
name = "autocfg"
version = "1.5.0"
source = "registry+https://github.com/rust-lang/crates.io-index"
checksum = "c08606f8c3cbf4ce6ec8e28fb0014a2c086708fe954eaa885384a6165172e7e8"

[[package]]
name = "base16ct"
version = "1.0.0"
source = "registry+https://github.com/rust-lang/crates.io-index"
checksum = "fd307490d624467aa6f74b0eabb77633d1f758a7b25f12bceb0b22e08d9726f6"

[[package]]
name = "base64"
version = "0.22.1"
source = "registry+https://github.com/rust-lang/crates.io-index"
checksum = "72b3254f16251a8381aa12e40e3c4d2f0199f8c6508fbecb9d91f575e0fbb8c6"

[[package]]
name = "base64ct"
version = "1.8.3"
source = "registry+https://github.com/rust-lang/crates.io-index"
checksum = "2af50177e190e07a26ab74f8b1efbfe2ef87da2116221318cb1c2e82baf7de06"

[[package]]
name = "block-buffer"
version = "0.12.0"
source = "registry+https://github.com/rust-lang/crates.io-index"
checksum = "cdd35008169921d80bc60d3d0ab416eecb028c4cd653352907921d95084790be"
dependencies = [
 "hybrid-array",
 "zeroize",
]

[[package]]
name = "cfg-if"
version = "1.0.4"
source = "registry+https://github.com/rust-lang/crates.io-index"
checksum = "9330f8b2ff13f34540b44e946ef35111825727b38d33286ef986142615121801"

[[package]]
name = "chacha20"
version = "0.10.0"
source = "registry+https://github.com/rust-lang/crates.io-index"
checksum = "6f8d983286843e49675a4b7a2d174efe136dc93a18d69130dd18198a6c167601"
dependencies = [
 "cfg-if",
 "cipher",
 "cpufeatures",
 "zeroize",
]

[[package]]
name = "cipher"
version = "0.5.1"
source = "registry+https://github.com/rust-lang/crates.io-index"
checksum = "e34d8227fe1ba289043aeb13792056ff80fd6de1a9f49137a5f499de8e8c78ea"
dependencies = [
 "block-buffer",
 "crypto-common",
 "inout",
 "zeroize",
]

[[package]]
name = "cmov"
version = "0.5.3"
source = "registry+https://github.com/rust-lang/crates.io-index"
checksum = "3f88a43d011fc4a6876cb7344703e297c71dda42494fee094d5f7c76bf13f746"

[[package]]
name = "commit-sign"
version = "0.0.0"
dependencies = [
 "base64",
 "serde",
 "serde_json",
 "ssh-key",
]

[[package]]
name = "const-oid"
version = "0.10.2"
source = "registry+https://github.com/rust-lang/crates.io-index"
checksum = "a6ef517f0926dd24a1582492c791b6a4818a4d94e789a334894aa15b0d12f55c"

[[package]]
name = "cpubits"
version = "0.1.0"
source = "registry+https://github.com/rust-lang/crates.io-index"
checksum = "5ef0c543070d296ea414df2dd7625d1b24866ce206709d8a4a424f28377f5861"

[[package]]
name = "cpufeatures"
version = "0.3.0"
source = "registry+https://github.com/rust-lang/crates.io-index"
checksum = "8b2a41393f66f16b0823bb79094d54ac5fbd34ab292ddafb9a0456ac9f87d201"
dependencies = [
 "libc",
]

[[package]]
name = "crypto-bigint"
version = "0.7.5"
source = "registry+https://github.com/rust-lang/crates.io-index"
checksum = "1a52aa3fcda4e6302a9f48734f234d35d4721b96f8fe07d073f07ce9df4f0271"
dependencies = [
 "cpubits",
 "ctutils",
 "hybrid-array",
 "num-traits",
 "rand_core",
 "serdect",
 "subtle",
 "zeroize",
]

[[package]]
name = "crypto-common"
version = "0.2.1"
source = "registry+https://github.com/rust-lang/crates.io-index"
checksum = "77727bb15fa921304124b128af125e7e3b968275d1b108b379190264f4423710"
dependencies = [
 "hybrid-array",
 "rand_core",
]

[[package]]
name = "crypto-primes"
version = "0.7.0"
source = "registry+https://github.com/rust-lang/crates.io-index"
checksum = "21f41f23de7d24cdbda7f0c4d9c0351f99a4ceb258ef30e5c1927af8987ffe5a"
dependencies = [
 "crypto-bigint",
 "libm",
 "rand_core",
]

[[package]]
name = "ctr"
version = "0.10.0"
source = "registry+https://github.com/rust-lang/crates.io-index"
checksum = "17469f8eb9bdbfad10f71f4cfddfd38b01143520c0e717d8796ccb4d44d44e42"
dependencies = [
 "cipher",
]

[[package]]
name = "ctutils"
version = "0.4.2"
source = "registry+https://github.com/rust-lang/crates.io-index"
checksum = "7d5515a3834141de9eafb9717ad39eea8247b5674e6066c404e8c4b365d2a29e"
dependencies = [
 "cmov",
 "subtle",
]

[[package]]
name = "curve25519-dalek"
version = "5.0.0"
source = "registry+https://github.com/rust-lang/crates.io-index"
checksum = "b5eed333089e2e1c1ac8c6c0398e5e2497b4c9926ca6d0365ed1e099afa5bc23"
dependencies = [
 "cfg-if",
 "cpufeatures",
 "curve25519-dalek-derive",
 "digest",
 "fiat-crypto",
 "rustc_version",
 "subtle",
]

[[package]]
name = "curve25519-dalek-derive"
version = "0.1.1"
source = "registry+https://github.com/rust-lang/crates.io-index"
checksum = "f46882e17999c6cc590af592290432be3bce0428cb0d5f8b6715e4dc7b383eb3"
dependencies = [
 "proc-macro2",
 "quote",
 "syn",
]

[[package]]
name = "der"
version = "0.8.0"
source = "registry+https://github.com/rust-lang/crates.io-index"
checksum = "71fd89660b2dc699704064e59e9dba0147b903e85319429e131620d022be411b"
dependencies = [
 "const-oid",
 "zeroize",
]

[[package]]
name = "des"
version = "0.9.0"
source = "registry+https://github.com/rust-lang/crates.io-index"
checksum = "916a94e407b54f9034d71dd748234cd1e516ced6284009906ae246f177eafe5a"
dependencies = [
 "cipher",
]

[[package]]
name = "digest"
version = "0.11.2"
source = "registry+https://github.com/rust-lang/crates.io-index"
checksum = "4850db49bf08e663084f7fb5c87d202ef91a3907271aff24a94eb97ff039153c"
dependencies = [
 "block-buffer",
 "const-oid",
 "crypto-common",
 "ctutils",
]

[[package]]
name = "ecdsa"
version = "0.17.0"
source = "registry+https://github.com/rust-lang/crates.io-index"
checksum = "c0681a4fc24c767085329728d8dfba959af91228aa4610cca4f8ce317ba46ae0"
dependencies = [
 "der",
 "digest",
 "elliptic-curve",
 "rfc6979",
 "signature",
 "zeroize",
]

[[package]]
name = "ed25519"
version = "3.0.0"
source = "registry+https://github.com/rust-lang/crates.io-index"
checksum = "29fcf32e6c73d1079f83ab4d782de2d81620346a5f38c6237a86a22f8368980a"
dependencies = [
 "signature",
]

[[package]]
name = "ed25519-dalek"
version = "3.0.0"
source = "registry+https://github.com/rust-lang/crates.io-index"
checksum = "6ebaa1a2bf1290ab3bfe5a7b771d050ebffab2711c19a81691c683a5144a25de"
dependencies = [
 "curve25519-dalek",
 "ed25519",
 "sha2",
 "subtle",
]

[[package]]
name = "elliptic-curve"
version = "0.14.1"
source = "registry+https://github.com/rust-lang/crates.io-index"
checksum = "9d65aa39b3a5c1c9c1b745c9a019234bb7a21b77abcb4f4d266d706e2d577d65"
dependencies = [
 "base16ct",
 "crypto-bigint",
 "crypto-common",
 "digest",
 "ff",
 "group",
 "hybrid-array",
 "rand_core",
 "sec1",
 "subtle",
 "zeroize",
]

[[package]]
name = "ff"
version = "0.14.0"
source = "registry+https://github.com/rust-lang/crates.io-index"
checksum = "a1f686ab92a9fb0eaf188f6c6c87b89490baa6fdb0db4544ba4dc47f7942489f"
dependencies = [
 "rand_core",
 "subtle",
]

[[package]]
name = "fiat-crypto"
version = "0.3.0"
source = "registry+https://github.com/rust-lang/crates.io-index"
checksum = "64cd1e32ddd350061ae6edb1b082d7c54915b5c672c389143b9a63403a109f24"

[[package]]
name = "ghash"
version = "0.6.0"
source = "registry+https://github.com/rust-lang/crates.io-index"
checksum = "2eecf2d5dc9b66b732b97707a0210906b1d30523eb773193ab777c0c84b3e8d5"
dependencies = [
 "polyval",
]

[[package]]
name = "group"
version = "0.14.0"
source = "registry+https://github.com/rust-lang/crates.io-index"
checksum = "7fd1a1c7a5206c5b7a3f5a0d7ccd3ff85d0c8f5133d62a02680255b0004af5f4"
dependencies = [
 "ff",
 "rand_core",
 "subtle",
]

[[package]]
name = "hmac"
version = "0.13.0"
source = "registry+https://github.com/rust-lang/crates.io-index"
checksum = "6303bc9732ae41b04cb554b844a762b4115a61bfaa81e3e83050991eeb56863f"
dependencies = [
 "digest",
]

[[package]]
name = "hybrid-array"
version = "0.4.13"
source = "registry+https://github.com/rust-lang/crates.io-index"
checksum = "818356c5132c1fede50f837ca96afbe78ff42413047f4abb886217845e1b6c8c"
dependencies = [
 "subtle",
 "typenum",
 "zeroize",
]

[[package]]
name = "inout"
version = "0.2.2"
source = "registry+https://github.com/rust-lang/crates.io-index"
checksum = "4250ce6452e92010fdf7268ccc5d14faa80bb12fc741938534c58f16804e03c7"
dependencies = [
 "hybrid-array",
]

[[package]]
name = "itoa"
version = "1.0.18"
source = "registry+https://github.com/rust-lang/crates.io-index"
checksum = "8f42a60cbdf9a97f5d2305f08a87dc4e09308d1276d28c869c684d7777685682"

[[package]]
name = "libc"
version = "0.2.185"
source = "registry+https://github.com/rust-lang/crates.io-index"
checksum = "52ff2c0fe9bc6cb6b14a0592c2ff4fa9ceb83eea9db979b0487cd054946a2b8f"

[[package]]
name = "libm"
version = "0.2.16"
source = "registry+https://github.com/rust-lang/crates.io-index"
checksum = "b6d2cec3eae94f9f509c767b45932f1ada8350c4bdb85af2fcab4a3c14807981"

[[package]]
name = "memchr"
version = "2.8.0"
source = "registry+https://github.com/rust-lang/crates.io-index"
checksum = "f8ca58f447f06ed17d5fc4043ce1b10dd205e060fb3ce5b979b8ed8e59ff3f79"

[[package]]
name = "num-traits"
version = "0.2.19"
source = "registry+https://github.com/rust-lang/crates.io-index"
checksum = "071dfc062690e90b734c0b2273ce72ad0ffa95f0c74596bc250dcfd960262841"
dependencies = [
 "autocfg",
]

[[package]]
name = "p256"
version = "0.14.0"
source = "registry+https://github.com/rust-lang/crates.io-index"
checksum = "d2c9239b2dbc807adbbe147e8cf72ea7450c3a0aabe62cb8e75ff4ec22e1f72a"
dependencies = [
 "ecdsa",
 "elliptic-curve",
 "primefield",
 "primeorder",
 "sha2",
]

[[package]]
name = "p384"
version = "0.14.0"
source = "registry+https://github.com/rust-lang/crates.io-index"
checksum = "d17b851e6b3e378ab4ecb07fa2ed23f4d15f075735f8fec9fa1e7bdce5f8301f"
dependencies = [
 "ecdsa",
 "elliptic-curve",
 "fiat-crypto",
 "primefield",
 "primeorder",
 "sha2",
]

[[package]]
name = "p521"
version = "0.14.0-rc.15"
source = "registry+https://github.com/rust-lang/crates.io-index"
checksum = "ff42e4ace5424e3b6d7cb82514be89866b85af87015f80341e37dcc21a66ce6e"
dependencies = [
 "base16ct",
 "ecdsa",
 "elliptic-curve",
 "primefield",
 "primeorder",
 "sha2",
]

[[package]]
name = "pem-rfc7468"
version = "1.0.0"
source = "registry+https://github.com/rust-lang/crates.io-index"
checksum = "a6305423e0e7738146434843d1694d621cce767262b2a86910beab705e4493d9"
dependencies = [
 "base64ct",
]

[[package]]
name = "poly1305"
version = "0.9.0"
source = "registry+https://github.com/rust-lang/crates.io-index"
checksum = "a00baa632505d05512f48a963e16051c54fda9a95cc9acea1a4e3c90991c4a2e"
dependencies = [
 "cpufeatures",
 "universal-hash",
 "zeroize",
]

[[package]]
name = "polyval"
version = "0.7.1"
source = "registry+https://github.com/rust-lang/crates.io-index"
checksum = "7dfc63250416fea14f5749b90725916a6c903f599d51cb635aa7a52bfd03eede"
dependencies = [
 "cpubits",
 "cpufeatures",
 "universal-hash",
]

[[package]]
name = "primefield"
version = "0.14.0"
source = "registry+https://github.com/rust-lang/crates.io-index"
checksum = "c555a6e4eb7d4e158fcb028c835c3b8642206ddc279b5c6b202ef9a8bdb592f4"
dependencies = [
 "crypto-bigint",
 "crypto-common",
 "ff",
 "rand_core",
 "subtle",
 "zeroize",
]

[[package]]
name = "primeorder"
version = "0.14.0"
source = "registry+https://github.com/rust-lang/crates.io-index"
checksum = "5c9f42978c78a00e3d68f69fc03e57a234debae69da4020a4fb588fcdcd07b06"
dependencies = [
 "elliptic-curve",
 "primefield",
 "wnaf",
]

[[package]]
name = "proc-macro2"
version = "1.0.106"
source = "registry+https://github.com/rust-lang/crates.io-index"
checksum = "8fd00f0bb2e90d81d1044c2b32617f68fcb9fa3bb7640c23e9c748e53fb30934"
dependencies = [
 "unicode-ident",
]

[[package]]
name = "quote"
version = "1.0.45"
source = "registry+https://github.com/rust-lang/crates.io-index"
checksum = "41f2619966050689382d2b44f664f4bc593e129785a36d6ee376ddf37259b924"
dependencies = [
 "proc-macro2",
]

[[package]]
name = "rand_core"
version = "0.10.1"
source = "registry+https://github.com/rust-lang/crates.io-index"
checksum = "63b8176103e19a2643978565ca18b50549f6101881c443590420e4dc998a3c69"

[[package]]
name = "rfc6979"
version = "0.6.0"
source = "registry+https://github.com/rust-lang/crates.io-index"
checksum = "b4a459cddafb3fe76b31fd8f1108007566c40301feb64dc7b54656eb7388172b"
dependencies = [
 "crypto-bigint",
 "hmac",
]

[[package]]
name = "rsa"
version = "0.10.0-rc.18"
source = "registry+https://github.com/rust-lang/crates.io-index"
checksum = "30b2aa4ba0d89f73d1e332df05be0eeab8840351c36ca5654341dfdb57bb3caf"
dependencies = [
 "const-oid",
 "crypto-bigint",
 "crypto-primes",
 "digest",
 "rand_core",
 "sha2",
 "signature",
 "zeroize",
]

[[package]]
name = "rustc_version"
version = "0.4.1"
source = "registry+https://github.com/rust-lang/crates.io-index"
checksum = "cfcb3a22ef46e85b45de6ee7e79d063319ebb6594faafcf1c225ea92ab6e9b92"
dependencies = [
 "semver",
]

[[package]]
name = "sec1"
version = "0.8.1"
source = "registry+https://github.com/rust-lang/crates.io-index"
checksum = "d56d437c2f19203ce5f7122e507831de96f3d2d4d3be5af44a0b0a09d8a80e4d"
dependencies = [
 "base16ct",
 "ctutils",
 "der",
 "hybrid-array",
 "subtle",
 "zeroize",
]

[[package]]
name = "semver"
version = "1.0.28"
source = "registry+https://github.com/rust-lang/crates.io-index"
checksum = "8a7852d02fc848982e0c167ef163aaff9cd91dc640ba85e263cb1ce46fae51cd"

[[package]]
name = "serde"
version = "1.0.228"
source = "registry+https://github.com/rust-lang/crates.io-index"
checksum = "9a8e94ea7f378bd32cbbd37198a4a91436180c5bb472411e48b5ec2e2124ae9e"
dependencies = [
 "serde_core",
 "serde_derive",
]

[[package]]
name = "serde_core"
version = "1.0.228"
source = "registry+https://github.com/rust-lang/crates.io-index"
checksum = "41d385c7d4ca58e59fc732af25c3983b67ac852c1a25000afe1175de458b67ad"
dependencies = [
 "serde_derive",
]

[[package]]
name = "serde_derive"
version = "1.0.228"
source = "registry+https://github.com/rust-lang/crates.io-index"
checksum = "d540f220d3187173da220f885ab66608367b6574e925011a9353e4badda91d79"
dependencies = [
 "proc-macro2",
 "quote",
 "syn",
]

[[package]]
name = "serde_json"
version = "1.0.150"
source = "registry+https://github.com/rust-lang/crates.io-index"
checksum = "e8014e44b4736ed0538adeecded0fce2a272f22dc9578a7eb6b2d9993c74cfb9"
dependencies = [
 "itoa",
 "memchr",
 "serde",
 "serde_core",
 "zmij",
]

[[package]]
name = "serdect"
version = "0.4.2"
source = "registry+https://github.com/rust-lang/crates.io-index"
checksum = "9af4a3e75ebd5599b30d4de5768e00b5095d518a79fefc3ecbaf77e665d1ec06"
dependencies = [
 "base16ct",
 "serde",
]

[[package]]
name = "sha2"
version = "0.11.0"
source = "registry+https://github.com/rust-lang/crates.io-index"
checksum = "446ba717509524cb3f22f17ecc096f10f4822d76ab5c0b9822c5f9c284e825f4"
dependencies = [
 "cfg-if",
 "cpufeatures",
 "digest",
]

[[package]]
name = "signature"
version = "3.0.0"
source = "registry+https://github.com/rust-lang/crates.io-index"
checksum = "28d567dcbaf0049cb8ac2608a76cd95ff9e4412e1899d389ee400918ca7537f5"
dependencies = [
 "digest",
 "rand_core",
]

[[package]]
name = "ssh-cipher"
version = "0.3.0"
source = "registry+https://github.com/rust-lang/crates.io-index"
checksum = "d801accda99469cde6d73da741422610fdf6508a72d9a69d1b55cb241c720597"
dependencies = [
 "aead",
 "aes",
 "aes-gcm",
 "chacha20",
 "cipher",
 "des",
 "poly1305",
 "ssh-encoding",
 "zeroize",
]

[[package]]
name = "ssh-encoding"
version = "0.3.0"
source = "registry+https://github.com/rust-lang/crates.io-index"
checksum = "7b54d0ed0498daf3f78d82e00e28c8eec9d75a067c4cfbcc7a0f7d0f4077749e"
dependencies = [
 "base64ct",
 "crypto-bigint",
 "ctutils",
 "digest",
 "pem-rfc7468",
 "zeroize",
]

[[package]]
name = "ssh-key"
version = "0.7.0-rc.11"
source = "registry+https://github.com/rust-lang/crates.io-index"
checksum = "f9a32fae177b74a22aa9c5b01bf7e68b33545be32d9e381e248058d2adc15ce3"
dependencies = [
 "ctutils",
 "ed25519-dalek",
 "p256",
 "p384",
 "p521",
 "rand_core",
 "rsa",
 "sec1",
 "sha2",
 "signature",
 "ssh-cipher",
 "ssh-encoding",
 "zeroize",
]

[[package]]
name = "subtle"
version = "2.6.1"
source = "registry+https://github.com/rust-lang/crates.io-index"
checksum = "13c2bddecc57b384dee18652358fb23172facb8a2c51ccc10d74c157bdea3292"

[[package]]
name = "syn"
version = "2.0.117"
source = "registry+https://github.com/rust-lang/crates.io-index"
checksum = "e665b8803e7b1d2a727f4023456bbbbe74da67099c585258af0ad9c5013b9b99"
dependencies = [
 "proc-macro2",
 "quote",
 "unicode-ident",
]

[[package]]
name = "typenum"
version = "1.20.0"
source = "registry+https://github.com/rust-lang/crates.io-index"
checksum = "40ce102ab67701b8526c123c1bab5cbe42d7040ccfd0f64af1a385808d2f43de"

[[package]]
name = "unicode-ident"
version = "1.0.24"
source = "registry+https://github.com/rust-lang/crates.io-index"
checksum = "e6e4313cd5fcd3dad5cafa179702e2b244f760991f45397d14d4ebf38247da75"

[[package]]
name = "universal-hash"
version = "0.6.1"
source = "registry+https://github.com/rust-lang/crates.io-index"
checksum = "f4987bdc12753382e0bec4a65c50738ffaabc998b9cdd1f952fb5f39b0048a96"
dependencies = [
 "crypto-common",
 "ctutils",
]

[[package]]
name = "wnaf"
version = "0.14.0"
source = "registry+https://github.com/rust-lang/crates.io-index"
checksum = "ab12e7090f27e2ffd9322651492942d50c2926094af30601e1964337db39daf1"
dependencies = [
 "ff",
 "group",
 "hybrid-array",
]

[[package]]
name = "zeroize"
version = "1.9.0"
source = "registry+https://github.com/rust-lang/crates.io-index"
checksum = "e13c156562582aa81c60cb29407084cdb54c4164760106ab78e6c5b0858cf64e"

[[package]]
name = "zmij"
version = "1.0.21"
source = "registry+https://github.com/rust-lang/crates.io-index"
checksum = "b8848ee67ecc8aedbaf3e4122217aff892639231befc6a1b58d29fff4c2cabaa"
